// !$*UTF8*$!
{
	archiveVersion = 1;
	classes = {
	};
	objectVersion = 50;
	objects = {

/* Begin PBXBuildFile section */
		A97C508E26024849000BE768 /* AppDelegate.swift in Sources */ = {isa = PBXBuildFile; fileRef = A97C508D26024849000BE768 /* AppDelegate.swift */; };
		A97C509026024849000BE768 /* SceneDelegate.swift in Sources */ = {isa = PBXBuildFile; fileRef = A97C508F26024849000BE768 /* SceneDelegate.swift */; };
		A97C509226024849000BE768 /* MainViewController.swift in Sources */ = {isa = PBXBuildFile; fileRef = A97C509126024849000BE768 /* MainViewController.swift */; };
		A97C509526024849000BE768 /* Main.storyboard in Resources */ = {isa = PBXBuildFile; fileRef = A97C509326024849000BE768 /* Main.storyboard */; };
		A97C509826024849000BE768 /* FocusStart_Notes.xcdatamodeld in Sources */ = {isa = PBXBuildFile; fileRef = A97C509626024849000BE768 /* FocusStart_Notes.xcdatamodeld */; };
		A97C509A26024849000BE768 /* Assets.xcassets in Resources */ = {isa = PBXBuildFile; fileRef = A97C509926024849000BE768 /* Assets.xcassets */; };
		A97C509D26024849000BE768 /* LaunchScreen.storyboard in Resources */ = {isa = PBXBuildFile; fileRef = A97C509B26024849000BE768 /* LaunchScreen.storyboard */; };
		A9AF899626025B6C00EDC42E /* NoteViewController.swift in Sources */ = {isa = PBXBuildFile; fileRef = A9AF899526025B6C00EDC42E /* NoteViewController.swift */; };
		A9AF89A026026AE800EDC42E /* CoreDataManager.swift in Sources */ = {isa = PBXBuildFile; fileRef = A9AF899F26026AE800EDC42E /* CoreDataManager.swift */; };
		A9AF89A52602736400EDC42E /* UserDefaults+Ext.swift in Sources */ = {isa = PBXBuildFile; fileRef = A9AF89A42602736400EDC42E /* UserDefaults+Ext.swift */; };
/* End PBXBuildFile section */

/* Begin PBXFileReference section */
		A97C508A26024849000BE768 /* FocusStart-Notes.app */ = {isa = PBXFileReference; explicitFileType = wrapper.application; includeInIndex = 0; path = "FocusStart-Notes.app"; sourceTree = BUILT_PRODUCTS_DIR; };
		A97C508D26024849000BE768 /* AppDelegate.swift */ = {isa = PBXFileReference; lastKnownFileType = sourcecode.swift; path = AppDelegate.swift; sourceTree = "<group>"; };
		A97C508F26024849000BE768 /* SceneDelegate.swift */ = {isa = PBXFileReference; lastKnownFileType = sourcecode.swift; path = SceneDelegate.swift; sourceTree = "<group>"; };
		A97C509126024849000BE768 /* MainViewController.swift */ = {isa = PBXFileReference; lastKnownFileType = sourcecode.swift; path = MainViewController.swift; sourceTree = "<group>"; };
		A97C509426024849000BE768 /* Base */ = {isa = PBXFileReference; lastKnownFileType = file.storyboard; name = Base; path = Base.lproj/Main.storyboard; sourceTree = "<group>"; };
		A97C509726024849000BE768 /* FocusStart_Notes.xcdatamodel */ = {isa = PBXFileReference; lastKnownFileType = wrapper.xcdatamodel; path = FocusStart_Notes.xcdatamodel; sourceTree = "<group>"; };
		A97C509926024849000BE768 /* Assets.xcassets */ = {isa = PBXFileReference; lastKnownFileType = folder.assetcatalog; path = Assets.xcassets; sourceTree = "<group>"; };
		A97C509C26024849000BE768 /* Base */ = {isa = PBXFileReference; lastKnownFileType = file.storyboard; name = Base; path = Base.lproj/LaunchScreen.storyboard; sourceTree = "<group>"; };
		A97C509E26024849000BE768 /* Info.plist */ = {isa = PBXFileReference; lastKnownFileType = text.plist.xml; path = Info.plist; sourceTree = "<group>"; };
		A9AF899526025B6C00EDC42E /* NoteViewController.swift */ = {isa = PBXFileReference; lastKnownFileType = sourcecode.swift; path = NoteViewController.swift; sourceTree = "<group>"; };
		A9AF899F26026AE800EDC42E /* CoreDataManager.swift */ = {isa = PBXFileReference; lastKnownFileType = sourcecode.swift; path = CoreDataManager.swift; sourceTree = "<group>"; };
		A9AF89A42602736400EDC42E /* UserDefaults+Ext.swift */ = {isa = PBXFileReference; lastKnownFileType = sourcecode.swift; path = "UserDefaults+Ext.swift"; sourceTree = "<group>"; };
/* End PBXFileReference section */

/* Begin PBXFrameworksBuildPhase section */
		A97C508726024849000BE768 /* Frameworks */ = {
			isa = PBXFrameworksBuildPhase;
			buildActionMask = 2147483647;
			files = (
			);
			runOnlyForDeploymentPostprocessing = 0;
		};
/* End PBXFrameworksBuildPhase section */

/* Begin PBXGroup section */
		A97C508126024849000BE768 = {
			isa = PBXGroup;
			children = (
				A97C508C26024849000BE768 /* FocusStart-Notes */,
				A97C508B26024849000BE768 /* Products */,
			);
			sourceTree = "<group>";
		};
		A97C508B26024849000BE768 /* Products */ = {
			isa = PBXGroup;
			children = (
				A97C508A26024849000BE768 /* FocusStart-Notes.app */,
			);
			name = Products;
			sourceTree = "<group>";
		};
		A97C508C26024849000BE768 /* FocusStart-Notes */ = {
			isa = PBXGroup;
			children = (
				A9AF899A2602670D00EDC42E /* Model */,
				A9AF899C2602672B00EDC42E /* Controllers */,
				A9AF899B2602671100EDC42E /* Views */,
				A9AF89A32602734D00EDC42E /* Extensions */,
				A97C508D26024849000BE768 /* AppDelegate.swift */,
				A97C508F26024849000BE768 /* SceneDelegate.swift */,
				A97C509926024849000BE768 /* Assets.xcassets */,
				A97C509E26024849000BE768 /* Info.plist */,
			);
			path = "FocusStart-Notes";
			sourceTree = "<group>";
		};
		A9AF899A2602670D00EDC42E /* Model */ = {
			isa = PBXGroup;
			children = (
				A97C509626024849000BE768 /* FocusStart_Notes.xcdatamodeld */,
				A9AF899F26026AE800EDC42E /* CoreDataManager.swift */,
			);
			path = Model;
			sourceTree = "<group>";
		};
		A9AF899B2602671100EDC42E /* Views */ = {
			isa = PBXGroup;
			children = (
				A97C509326024849000BE768 /* Main.storyboard */,
				A97C509B26024849000BE768 /* LaunchScreen.storyboard */,
			);
			path = Views;
			sourceTree = "<group>";
		};
		A9AF899C2602672B00EDC42E /* Controllers */ = {
			isa = PBXGroup;
			children = (
				A97C509126024849000BE768 /* MainViewController.swift */,
				A9AF899526025B6C00EDC42E /* NoteViewController.swift */,
			);
			path = Controllers;
			sourceTree = "<group>";
		};
		A9AF89A32602734D00EDC42E /* Extensions */ = {
			isa = PBXGroup;
			children = (
				A9AF89A42602736400EDC42E /* UserDefaults+Ext.swift */,
			);
			path = Extensions;
			sourceTree = "<group>";
		};
/* End PBXGroup section */

/* Begin PBXNativeTarget section */
		A97C508926024849000BE768 /* FocusStart-Notes */ = {
			isa = PBXNativeTarget;
			buildConfigurationList = A97C50A126024849000BE768 /* Build configuration list for PBXNativeTarget "FocusStart-Notes" */;
			buildPhases = (
				A97C508626024849000BE768 /* Sources */,
				A97C508726024849000BE768 /* Frameworks */,
				A97C508826024849000BE768 /* Resources */,
			);
			buildRules = (
			);
			dependencies = (
			);
			name = "FocusStart-Notes";
			productName = "FocusStart-Notes";
			productReference = A97C508A26024849000BE768 /* FocusStart-Notes.app */;
			productType = "com.apple.product-type.application";
		};
/* End PBXNativeTarget section */

/* Begin PBXProject section */
		A97C508226024849000BE768 /* Project object */ = {
			isa = PBXProject;
			attributes = {
				LastSwiftUpdateCheck = 1240;
				LastUpgradeCheck = 1240;
				TargetAttributes = {
					A97C508926024849000BE768 = {
						CreatedOnToolsVersion = 12.4;
					};
				};
			};
			buildConfigurationList = A97C508526024849000BE768 /* Build configuration list for PBXProject "FocusStart-Notes" */;
			compatibilityVersion = "Xcode 9.3";
			developmentRegion = en;
			hasScannedForEncodings = 0;
			knownRegions = (
				en,
				Base,
			);
			mainGroup = A97C508126024849000BE768;
			productRefGroup = A97C508B26024849000BE768 /* Products */;
			projectDirPath = "";
			projectRoot = "";
			targets = (
				A97C508926024849000BE768 /* FocusStart-Notes */,
			);
		};
/* End PBXProject section */

/* Begin PBXResourcesBuildPhase section */
		A97C508826024849000BE768 /* Resources */ = {
			isa = PBXResourcesBuildPhase;
			buildActionMask = 2147483647;
			files = (
				A97C509D26024849000BE768 /* LaunchScreen.storyboard in Resources */,
				A97C509A26024849000BE768 /* Assets.xcassets in Resources */,
				A97C509526024849000BE768 /* Main.storyboard in Resources */,
			);
			runOnlyForDeploymentPostprocessing = 0;
		};
/* End PBXResourcesBuildPhase section */

/* Begin PBXSourcesBuildPhase section */
		A97C508626024849000BE768 /* Sources */ = {
			isa = PBXSourcesBuildPhase;
			buildActionMask = 2147483647;
			files = (
				A9AF89A026026AE800EDC42E /* CoreDataManager.swift in Sources */,
				A9AF899626025B6C00EDC42E /* NoteViewController.swift in Sources */,
				A97C509226024849000BE768 /* MainViewController.swift in Sources */,
				A97C508E26024849000BE768 /* AppDelegate.swift in Sources */,
				A97C509026024849000BE768 /* SceneDelegate.swift in Sources */,
				A97C509826024849000BE768 /* FocusStart_Notes.xcdatamodeld in Sources */,
				A9AF89A52602736400EDC42E /* UserDefaults+Ext.swift in Sources */,
			);
			runOnlyForDeploymentPostprocessing = 0;
		};
/* End PBXSourcesBuildPhase section */

/* Begin PBXVariantGroup section */
		A97C509326024849000BE768 /* Main.storyboard */ = {
			isa = PBXVariantGroup;
			children = (
				A97C509426024849000BE768 /* Base */,
			);
			name = Main.storyboard;
			sourceTree = "<group>";
		};
		A97C509B26024849000BE768 /* LaunchScreen.storyboard */ = {
			isa = PBXVariantGroup;
			children = (
				A97C509C26024849000BE768 /* Base */,
			);
			name = LaunchScreen.storyboard;
			sourceTree = "<group>";
		};
/* End PBXVariantGroup section */

/* Begin XCBuildConfiguration section */
		A97C509F26024849000BE768 /* Debug */ = {
			isa = XCBuildConfiguration;
			buildSettings = {
				ALWAYS_SEARCH_USER_PATHS = NO;
				CLANG_ANALYZER_NONNULL = YES;
				CLANG_ANALYZER_NUMBER_OBJECT_CONVERSION = YES_AGGRESSIVE;
				CLANG_CXX_LANGUAGE_STANDARD = "gnu++14";
				CLANG_CXX_LIBRARY = "libc++";
				CLANG_ENABLE_MODULES = YES;
				CLANG_ENABLE_OBJC_ARC = YES;
				CLANG_ENABLE_OBJC_WEAK = YES;
				CLANG_WARN_BLOCK_CAPTURE_AUTORELEASING = YES;
				CLANG_WARN_BOOL_CONVERSION = YES;
				CLANG_WARN_COMMA = YES;
				CLANG_WARN_CONSTANT_CONVERSION = YES;
				CLANG_WARN_DEPRECATED_OBJC_IMPLEMENTATIONS = YES;
				CLANG_WARN_DIRECT_OBJC_ISA_USAGE = YES_ERROR;
				CLANG_WARN_DOCUMENTATION_COMMENTS = YES;
				CLANG_WARN_EMPTY_BODY = YES;
				CLANG_WARN_ENUM_CONVERSION = YES;
				CLANG_WARN_INFINITE_RECURSION = YES;
				CLANG_WARN_INT_CONVERSION = YES;
				CLANG_WARN_NON_LITERAL_NULL_CONVERSION = YES;
				CLANG_WARN_OBJC_IMPLICIT_RETAIN_SELF = YES;
				CLANG_WARN_OBJC_LITERAL_CONVERSION = YES;
				CLANG_WARN_OBJC_ROOT_CLASS = YES_ERROR;
				CLANG_WARN_QUOTED_INCLUDE_IN_FRAMEWORK_HEADER = YES;
				CLANG_WARN_RANGE_LOOP_ANALYSIS = YES;
				CLANG_WARN_STRICT_PROTOTYPES = YES;
				CLANG_WARN_SUSPICIOUS_MOVE = YES;
				CLANG_WARN_UNGUARDED_AVAILABILITY = YES_AGGRESSIVE;
				CLANG_WARN_UNREACHABLE_CODE = YES;
				CLANG_WARN__DUPLICATE_METHOD_MATCH = YES;
				COPY_PHASE_STRIP = NO;
				DEBUG_INFORMATION_FORMAT = dwarf;
				ENABLE_STRICT_OBJC_MSGSEND = YES;
				ENABLE_TESTABILITY = YES;
				GCC_C_LANGUAGE_STANDARD = gnu11;
				GCC_DYNAMIC_NO_PIC = NO;
				GCC_NO_COMMON_BLOCKS = YES;
				GCC_OPTIMIZATION_LEVEL = 0;
				GCC_PREPROCESSOR_DEFINITIONS = (
					"DEBUG=1",
					"$(inherited)",
				);
				GCC_WARN_64_TO_32_BIT_CONVERSION = YES;
				GCC_WARN_ABOUT_RETURN_TYPE = YES_ERROR;
				GCC_WARN_UNDECLARED_SELECTOR = YES;
				GCC_WARN_UNINITIALIZED_AUTOS = YES_AGGRESSIVE;
				GCC_WARN_UNUSED_FUNCTION = YES;
				GCC_WARN_UNUSED_VARIABLE = YES;
				IPHONEOS_DEPLOYMENT_TARGET = 14.4;
				MTL_ENABLE_DEBUG_INFO = INCLUDE_SOURCE;
				MTL_FAST_MATH = YES;
				ONLY_ACTIVE_ARCH = YES;
				SDKROOT = iphoneos;
				SWIFT_ACTIVE_COMPILATION_CONDITIONS = DEBUG;
				SWIFT_OPTIMIZATION_LEVEL = "-Onone";
			};
			name = Debug;
		};
		A97C50A026024849000BE768 /* Release */ = {
			isa = XCBuildConfiguration;
			buildSettings = {
				ALWAYS_SEARCH_USER_PATHS = NO;
				CLANG_ANALYZER_NONNULL = YES;
				CLANG_ANALYZER_NUMBER_OBJECT_CONVERSION = YES_AGGRESSIVE;
				CLANG_CXX_LANGUAGE_STANDARD = "gnu++14";
				CLANG_CXX_LIBRARY = "libc++";
				CLANG_ENABLE_MODULES = YES;
				CLANG_ENABLE_OBJC_ARC = YES;
				CLANG_ENABLE_OBJC_WEAK = YES;
				CLANG_WARN_BLOCK_CAPTURE_AUTORELEASING = YES;
				CLANG_WARN_BOOL_CONVERSION = YES;
				CLANG_WARN_COMMA = YES;
				CLANG_WARN_CONSTANT_CONVERSION = YES;
				CLANG_WARN_DEPRECATED_OBJC_IMPLEMENTATIONS = YES;
				CLANG_WARN_DIRECT_OBJC_ISA_USAGE = YES_ERROR;
				CLANG_WARN_DOCUMENTATION_COMMENTS = YES;
				CLANG_WARN_EMPTY_BODY = YES;
				CLANG_WARN_ENUM_CONVERSION = YES;
				CLANG_WARN_INFINITE_RECURSION = YES;
				CLANG_WARN_INT_CONVERSION = YES;
				CLANG_WARN_NON_LITERAL_NULL_CONVERSION = YES;
				CLANG_WARN_OBJC_IMPLICIT_RETAIN_SELF = YES;
				CLANG_WARN_OBJC_LITERAL_CONVERSION = YES;
				CLANG_WARN_OBJC_ROOT_CLASS = YES_ERROR;
				CLANG_WARN_QUOTED_INCLUDE_IN_FRAMEWORK_HEADER = YES;
				CLANG_WARN_RANGE_LOOP_ANALYSIS = YES;
				CLANG_WARN_STRICT_PROTOTYPES = YES;
				CLANG_WARN_SUSPICIOUS_MOVE = YES;
				CLANG_WARN_UNGUARDED_AVAILABILITY = YES_AGGRESSIVE;
				CLANG_WARN_UNREACHABLE_CODE = YES;
				CLANG_WARN__DUPLICATE_METHOD_MATCH = YES;
				COPY_PHASE_STRIP = NO;
				DEBUG_INFORMATION_FORMAT = "dwarf-with-dsym";
				ENABLE_NS_ASSERTIONS = NO;
				ENABLE_STRICT_OBJC_MSGSEND = YES;
				GCC_C_LANGUAGE_STANDARD = gnu11;
				GCC_NO_COMMON_BLOCKS = YES;
				GCC_WARN_64_TO_32_BIT_CONVERSION = YES;
				GCC_WARN_ABOUT_RETURN_TYPE = YES_ERROR;
				GCC_WARN_UNDECLARED_SELECTOR = YES;
				GCC_WARN_UNINITIALIZED_AUTOS = YES_AGGRESSIVE;
				GCC_WARN_UNUSED_FUNCTION = YES;
				GCC_WARN_UNUSED_VARIABLE = YES;
				IPHONEOS_DEPLOYMENT_TARGET = 14.4;
				MTL_ENABLE_DEBUG_INFO = NO;
				MTL_FAST_MATH = YES;
				SDKROOT = iphoneos;
				SWIFT_COMPILATION_MODE = wholemodule;
				SWIFT_OPTIMIZATION_LEVEL = "-O";
				VALIDATE_PRODUCT = YES;
			};
			name = Release;
		};
		A97C50A226024849000BE768 /* Debug */ = {
			isa = XCBuildConfiguration;
			buildSettings = {
				ASSETCATALOG_COMPILER_APPICON_NAME = AppIcon;
				ASSETCATALOG_COMPILER_GLOBAL_ACCENT_COLOR_NAME = AccentColor;
				CODE_SIGN_STYLE = Automatic;
				DEVELOPMENT_TEAM = 59M6A9TM7B;
				INFOPLIST_FILE = "FocusStart-Notes/Info.plist";
				LD_RUNPATH_SEARCH_PATHS = (
					"$(inherited)",
					"@executable_path/Frameworks",
				);
				PRODUCT_BUNDLE_IDENTIFIER = "ru.ermolenko.FocusStart-Notes";
				PRODUCT_NAME = "$(TARGET_NAME)";
				SWIFT_VERSION = 5.0;
				TARGETED_DEVICE_FAMILY = "1,2";
			};
			name = Debug;
		};
		A97C50A326024849000BE768 /* Release */ = {
			isa = XCBuildConfiguration;
			buildSettings = {
				ASSETCATALOG_COMPILER_APPICON_NAME = AppIcon;
				ASSETCATALOG_COMPILER_GLOBAL_ACCENT_COLOR_NAME = AccentColor;
				CODE_SIGN_STYLE = Automatic;
				DEVELOPMENT_TEAM = 59M6A9TM7B;
				INFOPLIST_FILE = "FocusStart-Notes/Info.plist";
				LD_RUNPATH_SEARCH_PATHS = (
					"$(inherited)",
					"@executable_path/Frameworks",
				);
				PRODUCT_BUNDLE_IDENTIFIER = "ru.ermolenko.FocusStart-Notes";
				PRODUCT_NAME = "$(TARGET_NAME)";
				SWIFT_VERSION = 5.0;
				TARGETED_DEVICE_FAMILY = "1,2";
			};
			name = Release;
		};
/* End XCBuildConfiguration section */

/* Begin XCConfigurationList section */
		A97C508526024849000BE768 /* Build configuration list for PBXProject "FocusStart-Notes" */ = {
			isa = XCConfigurationList;
			buildConfigurations = (
				A97C509F26024849000BE768 /* Debug */,
				A97C50A026024849000BE768 /* Release */,
			);
			defaultConfigurationIsVisible = 0;
			defaultConfigurationName = Release;
		};
		A97C50A126024849000BE768 /* Build configuration list for PBXNativeTarget "FocusStart-Notes" */ = {
			isa = XCConfigurationList;
			buildConfigurations = (
				A97C50A226024849000BE768 /* Debug */,
				A97C50A326024849000BE768 /* Release */,
			);
			defaultConfigurationIsVisible = 0;
			defaultConfigurationName = Release;
		};
/* End XCConfigurationList section */

/* Begin XCVersionGroup section */
		A97C509626024849000BE768 /* FocusStart_Notes.xcdatamodeld */ = {
			isa = XCVersionGroup;
			children = (
				A97C509726024849000BE768 /* FocusStart_Notes.xcdatamodel */,
			);
			currentVersion = A97C509726024849000BE768 /* FocusStart_Notes.xcdatamodel */;
			path = FocusStart_Notes.xcdatamodeld;
			sourceTree = "<group>";
			versionGroupType = wrapper.xcdatamodel;
		};
/* End XCVersionGroup section */
	};
	rootObject = A97C508226024849000BE768 /* Project object */;
}
